
Microsoft Visual Studio Solution File, Format Version 12.00
# Visual Studio Version 16
VisualStudioVersion = 25.0.1706.7
MinimumVisualStudioVersion = 10.0.40219.1
Project("{FAE04EC0-301F-11D3-BF4B-00C04F79EFBC}") = "Lms.Api", "Lms.Api\Lms.Api.csproj", "{7A5E6F4A-AA17-4D2E-8FBC-3CCF37E46E8D}"
EndProject
Project("{FAE04EC0-301F-11D3-BF4B-00C04F79EFBC}") = "Lms.SDK", "Lms.SDK\Lms.SDK.csproj", "{4CE9E37D-774C-43EE-AD1C-441AFDBF37C5}"
EndProject
Project("{FAE04EC0-301F-11D3-BF4B-00C04F79EFBC}") = "Lms.Auth", "Lms.Auth\Lms.Auth.csproj", "{E3053548-6133-4D6C-ADBF-FF3DC7ACADC2}"
EndProject
Project("{FAE04EC0-301F-11D3-BF4B-00C04F79EFBC}") = "Lms.Api.Tests", "Lms.Api.Tests\Lms.Api.Tests.csproj", "{200FEF2A-D0D8-480F-BAB0-C2B5041CD298}"
EndProject
Global
	GlobalSection(SolutionConfigurationPlatforms) = preSolution
		Debug|Any CPU = Debug|Any CPU
		Release|Any CPU = Release|Any CPU
	EndGlobalSection
	GlobalSection(ProjectConfigurationPlatforms) = postSolution
		{7A5E6F4A-AA17-4D2E-8FBC-3CCF37E46E8D}.Debug|Any CPU.ActiveCfg = Debug|Any CPU
		{7A5E6F4A-AA17-4D2E-8FBC-3CCF37E46E8D}.Debug|Any CPU.Build.0 = Debug|Any CPU
		{7A5E6F4A-AA17-4D2E-8FBC-3CCF37E46E8D}.Release|Any CPU.ActiveCfg = Release|Any CPU
		{7A5E6F4A-AA17-4D2E-8FBC-3CCF37E46E8D}.Release|Any CPU.Build.0 = Release|Any CPU
		{4CE9E37D-774C-43EE-AD1C-441AFDBF37C5}.Debug|Any CPU.ActiveCfg = Debug|Any CPU
		{4CE9E37D-774C-43EE-AD1C-441AFDBF37C5}.Debug|Any CPU.Build.0 = Debug|Any CPU
		{4CE9E37D-774C-43EE-AD1C-441AFDBF37C5}.Release|Any CPU.ActiveCfg = Release|Any CPU
		{4CE9E37D-774C-43EE-AD1C-441AFDBF37C5}.Release|Any CPU.Build.0 = Release|Any CPU
		{E3053548-6133-4D6C-ADBF-FF3DC7ACADC2}.Debug|Any CPU.ActiveCfg = Debug|Any CPU
		{E3053548-6133-4D6C-ADBF-FF3DC7ACADC2}.Debug|Any CPU.Build.0 = Debug|Any CPU
		{E3053548-6133-4D6C-ADBF-FF3DC7ACADC2}.Release|Any CPU.ActiveCfg = Release|Any CPU
		{E3053548-6133-4D6C-ADBF-FF3DC7ACADC2}.Release|Any CPU.Build.0 = Release|Any CPU
		{200FEF2A-D0D8-480F-BAB0-C2B5041CD298}.Debug|Any CPU.ActiveCfg = Debug|Any CPU
		{200FEF2A-D0D8-480F-BAB0-C2B5041CD298}.Debug|Any CPU.Build.0 = Debug|Any CPU
		{200FEF2A-D0D8-480F-BAB0-C2B5041CD298}.Release|Any CPU.ActiveCfg = Release|Any CPU
		{200FEF2A-D0D8-480F-BAB0-C2B5041CD298}.Release|Any CPU.Build.0 = Release|Any CPU
	EndGlobalSection
	GlobalSection(SolutionProperties) = preSolution
		HideSolutionNode = FALSE
	EndGlobalSection
	GlobalSection(ExtensibilityGlobals) = postSolution
		SolutionGuid = {F6E27542-868A-440F-AB1F-1D31A216F71F}
	EndGlobalSection
EndGlobal
